// !$*UTF8*$!
{
	archiveVersion = 1;
	classes = {
	};
	objectVersion = 50;
	objects = {

/* Begin PBXBuildFile section */
		22B724D6259213A600EB33D0 /* AppDelegate.swift in Sources */ = {isa = PBXBuildFile; fileRef = 22B724D5259213A600EB33D0 /* AppDelegate.swift */; };
		22B724D8259213A600EB33D0 /* SceneDelegate.swift in Sources */ = {isa = PBXBuildFile; fileRef = 22B724D7259213A600EB33D0 /* SceneDelegate.swift */; };
		22B724DA259213A600EB33D0 /* ViewController.swift in Sources */ = {isa = PBXBuildFile; fileRef = 22B724D9259213A600EB33D0 /* ViewController.swift */; };
		22B724DD259213A600EB33D0 /* Main.storyboard in Resources */ = {isa = PBXBuildFile; fileRef = 22B724DB259213A600EB33D0 /* Main.storyboard */; };
		22B724DF259213AB00EB33D0 /* Assets.xcassets in Resources */ = {isa = PBXBuildFile; fileRef = 22B724DE259213AB00EB33D0 /* Assets.xcassets */; };
		22B724E2259213AB00EB33D0 /* LaunchScreen.storyboard in Resources */ = {isa = PBXBuildFile; fileRef = 22B724E0259213AB00EB33D0 /* LaunchScreen.storyboard */; };
		22B724ED259213AB00EB33D0 /* PreworkTests.swift in Sources */ = {isa = PBXBuildFile; fileRef = 22B724EC259213AB00EB33D0 /* PreworkTests.swift */; };
		22B724F8259213AB00EB33D0 /* PreworkUITests.swift in Sources */ = {isa = PBXBuildFile; fileRef = 22B724F7259213AB00EB33D0 /* PreworkUITests.swift */; };
/* End PBXBuildFile section */

/* Begin PBXContainerItemProxy section */
		22B724E9259213AB00EB33D0 /* PBXContainerItemProxy */ = {
			isa = PBXContainerItemProxy;
			containerPortal = 22B724CA259213A500EB33D0 /* Project object */;
			proxyType = 1;
			remoteGlobalIDString = 22B724D1259213A600EB33D0;
			remoteInfo = Prework;
		};
		22B724F4259213AB00EB33D0 /* PBXContainerItemProxy */ = {
			isa = PBXContainerItemProxy;
			containerPortal = 22B724CA259213A500EB33D0 /* Project object */;
			proxyType = 1;
			remoteGlobalIDString = 22B724D1259213A600EB33D0;
			remoteInfo = Prework;
		};
/* End PBXContainerItemProxy section */

/* Begin PBXFileReference section */
		22B724D2259213A600EB33D0 /* Prework.app */ = {isa = PBXFileReference; explicitFileType = wrapper.application; includeInIndex = 0; path = Prework.app; sourceTree = BUILT_PRODUCTS_DIR; };
		22B724D5259213A600EB33D0 /* AppDelegate.swift */ = {isa = PBXFileReference; lastKnownFileType = sourcecode.swift; path = AppDelegate.swift; sourceTree = "<group>"; };
		22B724D7259213A600EB33D0 /* SceneDelegate.swift */ = {isa = PBXFileReference; lastKnownFileType = sourcecode.swift; path = SceneDelegate.swift; sourceTree = "<group>"; };
		22B724D9259213A600EB33D0 /* ViewController.swift */ = {isa = PBXFileReference; lastKnownFileType = sourcecode.swift; path = ViewController.swift; sourceTree = "<group>"; };
		22B724DC259213A600EB33D0 /* Base */ = {isa = PBXFileReference; lastKnownFileType = file.storyboard; name = Base; path = Base.lproj/Main.storyboard; sourceTree = "<group>"; };
		22B724DE259213AB00EB33D0 /* Assets.xcassets */ = {isa = PBXFileReference; lastKnownFileType = folder.assetcatalog; path = Assets.xcassets; sourceTree = "<group>"; };
		22B724E1259213AB00EB33D0 /* Base */ = {isa = PBXFileReference; lastKnownFileType = file.storyboard; name = Base; path = Base.lproj/LaunchScreen.storyboard; sourceTree = "<group>"; };
		22B724E3259213AB00EB33D0 /* Info.plist */ = {isa = PBXFileReference; lastKnownFileType = text.plist.xml; path = Info.plist; sourceTree = "<group>"; };
		22B724E8259213AB00EB33D0 /* PreworkTests.xctest */ = {isa = PBXFileReference; explicitFileType = wrapper.cfbundle; includeInIndex = 0; path = PreworkTests.xctest; sourceTree = BUILT_PRODUCTS_DIR; };
		22B724EC259213AB00EB33D0 /* PreworkTests.swift */ = {isa = PBXFileReference; lastKnownFileType = sourcecode.swift; path = PreworkTests.swift; sourceTree = "<group>"; };
		22B724EE259213AB00EB33D0 /* Info.plist */ = {isa = PBXFileReference; lastKnownFileType = text.plist.xml; path = Info.plist; sourceTree = "<group>"; };
		22B724F3259213AB00EB33D0 /* PreworkUITests.xctest */ = {isa = PBXFileReference; explicitFileType = wrapper.cfbundle; includeInIndex = 0; path = PreworkUITests.xctest; sourceTree = BUILT_PRODUCTS_DIR; };
		22B724F7259213AB00EB33D0 /* PreworkUITests.swift */ = {isa = PBXFileReference; lastKnownFileType = sourcecode.swift; path = PreworkUITests.swift; sourceTree = "<group>"; };
		22B724F9259213AB00EB33D0 /* Info.plist */ = {isa = PBXFileReference; lastKnownFileType = text.plist.xml; path = Info.plist; sourceTree = "<group>"; };
/* End PBXFileReference section */

/* Begin PBXFrameworksBuildPhase section */
		22B724CF259213A600EB33D0 /* Frameworks */ = {
			isa = PBXFrameworksBuildPhase;
			buildActionMask = 2147483647;
			files = (
			);
			runOnlyForDeploymentPostprocessing = 0;
		};
		22B724E5259213AB00EB33D0 /* Frameworks */ = {
			isa = PBXFrameworksBuildPhase;
			buildActionMask = 2147483647;
			files = (
			);
			runOnlyForDeploymentPostprocessing = 0;
		};
		22B724F0259213AB00EB33D0 /* Frameworks */ = {
			isa = PBXFrameworksBuildPhase;
			buildActionMask = 2147483647;
			files = (
			);
			runOnlyForDeploymentPostprocessing = 0;
		};
/* End PBXFrameworksBuildPhase section */

/* Begin PBXGroup section */
		22B724C9259213A500EB33D0 = {
			isa = PBXGroup;
			children = (
				22B724D4259213A600EB33D0 /* Prework */,
				22B724EB259213AB00EB33D0 /* PreworkTests */,
				22B724F6259213AB00EB33D0 /* PreworkUITests */,
				22B724D3259213A600EB33D0 /* Products */,
			);
			sourceTree = "<group>";
		};
		22B724D3259213A600EB33D0 /* Products */ = {
			isa = PBXGroup;
			children = (
				22B724D2259213A600EB33D0 /* Prework.app */,
				22B724E8259213AB00EB33D0 /* PreworkTests.xctest */,
				22B724F3259213AB00EB33D0 /* PreworkUITests.xctest */,
			);
			name = Products;
			sourceTree = "<group>";
		};
		22B724D4259213A600EB33D0 /* Prework */ = {
			isa = PBXGroup;
			children = (
				22B724D5259213A600EB33D0 /* AppDelegate.swift */,
				22B724D7259213A600EB33D0 /* SceneDelegate.swift */,
				22B724D9259213A600EB33D0 /* ViewController.swift */,
				22B724DB259213A600EB33D0 /* Main.storyboard */,
				22B724DE259213AB00EB33D0 /* Assets.xcassets */,
				22B724E0259213AB00EB33D0 /* LaunchScreen.storyboard */,
				22B724E3259213AB00EB33D0 /* Info.plist */,
			);
			path = Prework;
			sourceTree = "<group>";
		};
		22B724EB259213AB00EB33D0 /* PreworkTests */ = {
			isa = PBXGroup;
			children = (
				22B724EC259213AB00EB33D0 /* PreworkTests.swift */,
				22B724EE259213AB00EB33D0 /* Info.plist */,
			);
			path = PreworkTests;
			sourceTree = "<group>";
		};
		22B724F6259213AB00EB33D0 /* PreworkUITests */ = {
			isa = PBXGroup;
			children = (
				22B724F7259213AB00EB33D0 /* PreworkUITests.swift */,
				22B724F9259213AB00EB33D0 /* Info.plist */,
			);
			path = PreworkUITests;
			sourceTree = "<group>";
		};
/* End PBXGroup section */

/* Begin PBXNativeTarget section */
		22B724D1259213A600EB33D0 /* Prework */ = {
			isa = PBXNativeTarget;
			buildConfigurationList = 22B724FC259213AB00EB33D0 /* Build configuration list for PBXNativeTarget "Prework" */;
			buildPhases = (
				22B724CE259213A600EB33D0 /* Sources */,
				22B724CF259213A600EB33D0 /* Frameworks */,
				22B724D0259213A600EB33D0 /* Resources */,
			);
			buildRules = (
			);
			dependencies = (
			);
			name = Prework;
			productName = Prework;
			productReference = 22B724D2259213A600EB33D0 /* Prework.app */;
			productType = "com.apple.product-type.application";
		};
		22B724E7259213AB00EB33D0 /* PreworkTests */ = {
			isa = PBXNativeTarget;
			buildConfigurationList = 22B724FF259213AB00EB33D0 /* Build configuration list for PBXNativeTarget "PreworkTests" */;
			buildPhases = (
				22B724E4259213AB00EB33D0 /* Sources */,
				22B724E5259213AB00EB33D0 /* Frameworks */,
				22B724E6259213AB00EB33D0 /* Resources */,
			);
			buildRules = (
			);
			dependencies = (
				22B724EA259213AB00EB33D0 /* PBXTargetDependency */,
			);
			name = PreworkTests;
			productName = PreworkTests;
			productReference = 22B724E8259213AB00EB33D0 /* PreworkTests.xctest */;
			productType = "com.apple.product-type.bundle.unit-test";
		};
		22B724F2259213AB00EB33D0 /* PreworkUITests */ = {
			isa = PBXNativeTarget;
			buildConfigurationList = 22B72502259213AB00EB33D0 /* Build configuration list for PBXNativeTarget "PreworkUITests" */;
			buildPhases = (
				22B724EF259213AB00EB33D0 /* Sources */,
				22B724F0259213AB00EB33D0 /* Frameworks */,
				22B724F1259213AB00EB33D0 /* Resources */,
			);
			buildRules = (
			);
			dependencies = (
				22B724F5259213AB00EB33D0 /* PBXTargetDependency */,
			);
			name = PreworkUITests;
			productName = PreworkUITests;
			productReference = 22B724F3259213AB00EB33D0 /* PreworkUITests.xctest */;
			productType = "com.apple.product-type.bundle.ui-testing";
		};
/* End PBXNativeTarget section */

/* Begin PBXProject section */
		22B724CA259213A500EB33D0 /* Project object */ = {
			isa = PBXProject;
			attributes = {
				LastSwiftUpdateCheck = 1230;
				LastUpgradeCheck = 1230;
				TargetAttributes = {
					22B724D1259213A600EB33D0 = {
						CreatedOnToolsVersion = 12.3;
					};
					22B724E7259213AB00EB33D0 = {
						CreatedOnToolsVersion = 12.3;
						TestTargetID = 22B724D1259213A600EB33D0;
					};
					22B724F2259213AB00EB33D0 = {
						CreatedOnToolsVersion = 12.3;
						TestTargetID = 22B724D1259213A600EB33D0;
					};
				};
			};
			buildConfigurationList = 22B724CD259213A500EB33D0 /* Build configuration list for PBXProject "Prework" */;
			compatibilityVersion = "Xcode 9.3";
			developmentRegion = en;
			hasScannedForEncodings = 0;
			knownRegions = (
				en,
				Base,
			);
			mainGroup = 22B724C9259213A500EB33D0;
			productRefGroup = 22B724D3259213A600EB33D0 /* Products */;
			projectDirPath = "";
			projectRoot = "";
			targets = (
				22B724D1259213A600EB33D0 /* Prework */,
				22B724E7259213AB00EB33D0 /* PreworkTests */,
				22B724F2259213AB00EB33D0 /* PreworkUITests */,
			);
		};
/* End PBXProject section */

/* Begin PBXResourcesBuildPhase section */
		22B724D0259213A600EB33D0 /* Resources */ = {
			isa = PBXResourcesBuildPhase;
			buildActionMask = 2147483647;
			files = (
				22B724E2259213AB00EB33D0 /* LaunchScreen.storyboard in Resources */,
				22B724DF259213AB00EB33D0 /* Assets.xcassets in Resources */,
				22B724DD259213A600EB33D0 /* Main.storyboard in Resources */,
			);
			runOnlyForDeploymentPostprocessing = 0;
		};
		22B724E6259213AB00EB33D0 /* Resources */ = {
			isa = PBXResourcesBuildPhase;
			buildActionMask = 2147483647;
			files = (
			);
			runOnlyForDeploymentPostprocessing = 0;
		};
		22B724F1259213AB00EB33D0 /* Resources */ = {
			isa = PBXResourcesBuildPhase;
			buildActionMask = 2147483647;
			files = (
			);
			runOnlyForDeploymentPostprocessing = 0;
		};
/* End PBXResourcesBuildPhase section */

/* Begin PBXSourcesBuildPhase section */
		22B724CE259213A600EB33D0 /* Sources */ = {
			isa = PBXSourcesBuildPhase;
			buildActionMask = 2147483647;
			files = (
				22B724DA259213A600EB33D0 /* ViewController.swift in Sources */,
				22B724D6259213A600EB33D0 /* AppDelegate.swift in Sources */,
				22B724D8259213A600EB33D0 /* SceneDelegate.swift in Sources */,
			);
			runOnlyForDeploymentPostprocessing = 0;
		};
		22B724E4259213AB00EB33D0 /* Sources */ = {
			isa = PBXSourcesBuildPhase;
			buildActionMask = 2147483647;
			files = (
				22B724ED259213AB00EB33D0 /* PreworkTests.swift in Sources */,
			);
			runOnlyForDeploymentPostprocessing = 0;
		};
		22B724EF259213AB00EB33D0 /* Sources */ = {
			isa = PBXSourcesBuildPhase;
			buildActionMask = 2147483647;
			files = (
				22B724F8259213AB00EB33D0 /* PreworkUITests.swift in Sources */,
			);
			runOnlyForDeploymentPostprocessing = 0;
		};
/* End PBXSourcesBuildPhase section */

/* Begin PBXTargetDependency section */
		22B724EA259213AB00EB33D0 /* PBXTargetDependency */ = {
			isa = PBXTargetDependency;
			target = 22B724D1259213A600EB33D0 /* Prework */;
			targetProxy = 22B724E9259213AB00EB33D0 /* PBXContainerItemProxy */;
		};
		22B724F5259213AB00EB33D0 /* PBXTargetDependency */ = {
			isa = PBXTargetDependency;
			target = 22B724D1259213A600EB33D0 /* Prework */;
			targetProxy = 22B724F4259213AB00EB33D0 /* PBXContainerItemProxy */;
		};
/* End PBXTargetDependency section */

/* Begin PBXVariantGroup section */
		22B724DB259213A600EB33D0 /* Main.storyboard */ = {
			isa = PBXVariantGroup;
			children = (
				22B724DC259213A600EB33D0 /* Base */,
			);
			name = Main.storyboard;
			sourceTree = "<group>";
		};
		22B724E0259213AB00EB33D0 /* LaunchScreen.storyboard */ = {
			isa = PBXVariantGroup;
			children = (
				22B724E1259213AB00EB33D0 /* Base */,
			);
			name = LaunchScreen.storyboard;
			sourceTree = "<group>";
		};
/* End PBXVariantGroup section */

/* Begin XCBuildConfiguration section */
		22B724FA259213AB00EB33D0 /* Debug */ = {
			isa = XCBuildConfiguration;
			buildSettings = {
				ALWAYS_SEARCH_USER_PATHS = NO;
				CLANG_ANALYZER_NONNULL = YES;
				CLANG_ANALYZER_NUMBER_OBJECT_CONVERSION = YES_AGGRESSIVE;
				CLANG_CXX_LANGUAGE_STANDARD = "gnu++14";
				CLANG_CXX_LIBRARY = "libc++";
				CLANG_ENABLE_MODULES = YES;
				CLANG_ENABLE_OBJC_ARC = YES;
				CLANG_ENABLE_OBJC_WEAK = YES;
				CLANG_WARN_BLOCK_CAPTURE_AUTORELEASING = YES;
				CLANG_WARN_BOOL_CONVERSION = YES;
				CLANG_WARN_COMMA = YES;
				CLANG_WARN_CONSTANT_CONVERSION = YES;
				CLANG_WARN_DEPRECATED_OBJC_IMPLEMENTATIONS = YES;
				CLANG_WARN_DIRECT_OBJC_ISA_USAGE = YES_ERROR;
				CLANG_WARN_DOCUMENTATION_COMMENTS = YES;
				CLANG_WARN_EMPTY_BODY = YES;
				CLANG_WARN_ENUM_CONVERSION = YES;
				CLANG_WARN_INFINITE_RECURSION = YES;
				CLANG_WARN_INT_CONVERSION = YES;
				CLANG_WARN_NON_LITERAL_NULL_CONVERSION = YES;
				CLANG_WARN_OBJC_IMPLICIT_RETAIN_SELF = YES;
				CLANG_WARN_OBJC_LITERAL_CONVERSION = YES;
				CLANG_WARN_OBJC_ROOT_CLASS = YES_ERROR;
				CLANG_WARN_QUOTED_INCLUDE_IN_FRAMEWORK_HEADER = YES;
				CLANG_WARN_RANGE_LOOP_ANALYSIS = YES;
				CLANG_WARN_STRICT_PROTOTYPES = YES;
				CLANG_WARN_SUSPICIOUS_MOVE = YES;
				CLANG_WARN_UNGUARDED_AVAILABILITY = YES_AGGRESSIVE;
				CLANG_WARN_UNREACHABLE_CODE = YES;
				CLANG_WARN__DUPLICATE_METHOD_MATCH = YES;
				COPY_PHASE_STRIP = NO;
				DEBUG_INFORMATION_FORMAT = dwarf;
				ENABLE_STRICT_OBJC_MSGSEND = YES;
				ENABLE_TESTABILITY = YES;
				GCC_C_LANGUAGE_STANDARD = gnu11;
				GCC_DYNAMIC_NO_PIC = NO;
				GCC_NO_COMMON_BLOCKS = YES;
				GCC_OPTIMIZATION_LEVEL = 0;
				GCC_PREPROCESSOR_DEFINITIONS = (
					"DEBUG=1",
					"$(inherited)",
				);
				GCC_WARN_64_TO_32_BIT_CONVERSION = YES;
				GCC_WARN_ABOUT_RETURN_TYPE = YES_ERROR;
				GCC_WARN_UNDECLARED_SELECTOR = YES;
				GCC_WARN_UNINITIALIZED_AUTOS = YES_AGGRESSIVE;
				GCC_WARN_UNUSED_FUNCTION = YES;
				GCC_WARN_UNUSED_VARIABLE = YES;
				IPHONEOS_DEPLOYMENT_TARGET = 14.3;
				MTL_ENABLE_DEBUG_INFO = INCLUDE_SOURCE;
				MTL_FAST_MATH = YES;
				ONLY_ACTIVE_ARCH = YES;
				SDKROOT = iphoneos;
				SWIFT_ACTIVE_COMPILATION_CONDITIONS = DEBUG;
				SWIFT_OPTIMIZATION_LEVEL = "-Onone";
			};
			name = Debug;
		};
		22B724FB259213AB00EB33D0 /* Release */ = {
			isa = XCBuildConfiguration;
			buildSettings = {
				ALWAYS_SEARCH_USER_PATHS = NO;
				CLANG_ANALYZER_NONNULL = YES;
				CLANG_ANALYZER_NUMBER_OBJECT_CONVERSION = YES_AGGRESSIVE;
				CLANG_CXX_LANGUAGE_STANDARD = "gnu++14";
				CLANG_CXX_LIBRARY = "libc++";
				CLANG_ENABLE_MODULES = YES;
				CLANG_ENABLE_OBJC_ARC = YES;
				CLANG_ENABLE_OBJC_WEAK = YES;
				CLANG_WARN_BLOCK_CAPTURE_AUTORELEASING = YES;
				CLANG_WARN_BOOL_CONVERSION = YES;
				CLANG_WARN_COMMA = YES;
				CLANG_WARN_CONSTANT_CONVERSION = YES;
				CLANG_WARN_DEPRECATED_OBJC_IMPLEMENTATIONS = YES;
				CLANG_WARN_DIRECT_OBJC_ISA_USAGE = YES_ERROR;
				CLANG_WARN_DOCUMENTATION_COMMENTS = YES;
				CLANG_WARN_EMPTY_BODY = YES;
				CLANG_WARN_ENUM_CONVERSION = YES;
				CLANG_WARN_INFINITE_RECURSION = YES;
				CLANG_WARN_INT_CONVERSION = YES;
				CLANG_WARN_NON_LITERAL_NULL_CONVERSION = YES;
				CLANG_WARN_OBJC_IMPLICIT_RETAIN_SELF = YES;
				CLANG_WARN_OBJC_LITERAL_CONVERSION = YES;
				CLANG_WARN_OBJC_ROOT_CLASS = YES_ERROR;
				CLANG_WARN_QUOTED_INCLUDE_IN_FRAMEWORK_HEADER = YES;
				CLANG_WARN_RANGE_LOOP_ANALYSIS = YES;
				CLANG_WARN_STRICT_PROTOTYPES = YES;
				CLANG_WARN_SUSPICIOUS_MOVE = YES;
				CLANG_WARN_UNGUARDED_AVAILABILITY = YES_AGGRESSIVE;
				CLANG_WARN_UNREACHABLE_CODE = YES;
				CLANG_WARN__DUPLICATE_METHOD_MATCH = YES;
				COPY_PHASE_STRIP = NO;
				DEBUG_INFORMATION_FORMAT = "dwarf-with-dsym";
				ENABLE_NS_ASSERTIONS = NO;
				ENABLE_STRICT_OBJC_MSGSEND = YES;
				GCC_C_LANGUAGE_STANDARD = gnu11;
				GCC_NO_COMMON_BLOCKS = YES;
				GCC_WARN_64_TO_32_BIT_CONVERSION = YES;
				GCC_WARN_ABOUT_RETURN_TYPE = YES_ERROR;
				GCC_WARN_UNDECLARED_SELECTOR = YES;
				GCC_WARN_UNINITIALIZED_AUTOS = YES_AGGRESSIVE;
				GCC_WARN_UNUSED_FUNCTION = YES;
				GCC_WARN_UNUSED_VARIABLE = YES;
				IPHONEOS_DEPLOYMENT_TARGET = 14.3;
				MTL_ENABLE_DEBUG_INFO = NO;
				MTL_FAST_MATH = YES;
				SDKROOT = iphoneos;
				SWIFT_COMPILATION_MODE = wholemodule;
				SWIFT_OPTIMIZATION_LEVEL = "-O";
				VALIDATE_PRODUCT = YES;
			};
			name = Release;
		};
		22B724FD259213AB00EB33D0 /* Debug */ = {
			isa = XCBuildConfiguration;
			buildSettings = {
				ASSETCATALOG_COMPILER_APPICON_NAME = AppIcon;
				ASSETCATALOG_COMPILER_GLOBAL_ACCENT_COLOR_NAME = AccentColor;
				CODE_SIGN_STYLE = Automatic;
				INFOPLIST_FILE = Prework/Info.plist;
				LD_RUNPATH_SEARCH_PATHS = (
					"$(inherited)",
					"@executable_path/Frameworks",
				);
				PRODUCT_BUNDLE_IDENTIFIER = codepathapp.Prework;
				PRODUCT_NAME = "$(TARGET_NAME)";
				SWIFT_VERSION = 5.0;
				TARGETED_DEVICE_FAMILY = "1,2";
			};
			name = Debug;
		};
		22B724FE259213AB00EB33D0 /* Release */ = {
			isa = XCBuildConfiguration;
			buildSettings = {
				ASSETCATALOG_COMPILER_APPICON_NAME = AppIcon;
				ASSETCATALOG_COMPILER_GLOBAL_ACCENT_COLOR_NAME = AccentColor;
				CODE_SIGN_STYLE = Automatic;
				INFOPLIST_FILE = Prework/Info.plist;
				LD_RUNPATH_SEARCH_PATHS = (
					"$(inherited)",
					"@executable_path/Frameworks",
				);
				PRODUCT_BUNDLE_IDENTIFIER = codepathapp.Prework;
				PRODUCT_NAME = "$(TARGET_NAME)";
				SWIFT_VERSION = 5.0;
				TARGETED_DEVICE_FAMILY = "1,2";
			};
			name = Release;
		};
		22B72500259213AB00EB33D0 /* Debug */ = {
			isa = XCBuildConfiguration;
			buildSettings = {
				ALWAYS_EMBED_SWIFT_STANDARD_LIBRARIES = YES;
				BUNDLE_LOADER = "$(TEST_HOST)";
				CODE_SIGN_STYLE = Automatic;
				INFOPLIST_FILE = PreworkTests/Info.plist;
				IPHONEOS_DEPLOYMENT_TARGET = 14.3;
				LD_RUNPATH_SEARCH_PATHS = (
					"$(inherited)",
					"@executable_path/Frameworks",
					"@loader_path/Frameworks",
				);
				PRODUCT_BUNDLE_IDENTIFIER = codepathapp.PreworkTests;
				PRODUCT_NAME = "$(TARGET_NAME)";
				SWIFT_VERSION = 5.0;
				TARGETED_DEVICE_FAMILY = "1,2";
				TEST_HOST = "$(BUILT_PRODUCTS_DIR)/Prework.app/Prework";
			};
			name = Debug;
		};
		22B72501259213AB00EB33D0 /* Release */ = {
			isa = XCBuildConfiguration;
			buildSettings = {
				ALWAYS_EMBED_SWIFT_STANDARD_LIBRARIES = YES;
				BUNDLE_LOADER = "$(TEST_HOST)";
				CODE_SIGN_STYLE = Automatic;
				INFOPLIST_FILE = PreworkTests/Info.plist;
				IPHONEOS_DEPLOYMENT_TARGET = 14.3;
				LD_RUNPATH_SEARCH_PATHS = (
					"$(inherited)",
					"@executable_path/Frameworks",
					"@loader_path/Frameworks",
				);
				PRODUCT_BUNDLE_IDENTIFIER = codepathapp.PreworkTests;
				PRODUCT_NAME = "$(TARGET_NAME)";
				SWIFT_VERSION = 5.0;
				TARGETED_DEVICE_FAMILY = "1,2";
				TEST_HOST = "$(BUILT_PRODUCTS_DIR)/Prework.app/Prework";
			};
			name = Release;
		};
		22B72503259213AB00EB33D0 /* Debug */ = {
			isa = XCBuildConfiguration;
			buildSettings = {
				ALWAYS_EMBED_SWIFT_STANDARD_LIBRARIES = YES;
				CODE_SIGN_STYLE = Automatic;
				INFOPLIST_FILE = PreworkUITests/Info.plist;
				LD_RUNPATH_SEARCH_PATHS = (
					"$(inherited)",
					"@executable_path/Frameworks",
					"@loader_path/Frameworks",
				);
				PRODUCT_BUNDLE_IDENTIFIER = codepathapp.PreworkUITests;
				PRODUCT_NAME = "$(TARGET_NAME)";
				SWIFT_VERSION = 5.0;
				TARGETED_DEVICE_FAMILY = "1,2";
				TEST_TARGET_NAME = Prework;
			};
			name = Debug;
		};
		22B72504259213AB00EB33D0 /* Release */ = {
			isa = XCBuildConfiguration;
			buildSettings = {
				ALWAYS_EMBED_SWIFT_STANDARD_LIBRARIES = YES;
				CODE_SIGN_STYLE = Automatic;
				INFOPLIST_FILE = PreworkUITests/Info.plist;
				LD_RUNPATH_SEARCH_PATHS = (
					"$(inherited)",
					"@executable_path/Frameworks",
					"@loader_path/Frameworks",
				);
				PRODUCT_BUNDLE_IDENTIFIER = codepathapp.PreworkUITests;
				PRODUCT_NAME = "$(TARGET_NAME)";
				SWIFT_VERSION = 5.0;
				TARGETED_DEVICE_FAMILY = "1,2";
				TEST_TARGET_NAME = Prework;
			};
			name = Release;
		};
/* End XCBuildConfiguration section */

/* Begin XCConfigurationList section */
		22B724CD259213A500EB33D0 /* Build configuration list for PBXProject "Prework" */ = {
			isa = XCConfigurationList;
			buildConfigurations = (
				22B724FA259213AB00EB33D0 /* Debug */,
				22B724FB259213AB00EB33D0 /* Release */,
			);
			defaultConfigurationIsVisible = 0;
			defaultConfigurationName = Release;
		};
		22B724FC259213AB00EB33D0 /* Build configuration list for PBXNativeTarget "Prework" */ = {
			isa = XCConfigurationList;
			buildConfigurations = (
				22B724FD259213AB00EB33D0 /* Debug */,
				22B724FE259213AB00EB33D0 /* Release */,
			);
			defaultConfigurationIsVisible = 0;
			defaultConfigurationName = Release;
		};
		22B724FF259213AB00EB33D0 /* Build configuration list for PBXNativeTarget "PreworkTests" */ = {
			isa = XCConfigurationList;
			buildConfigurations = (
				22B72500259213AB00EB33D0 /* Debug */,
				22B72501259213AB00EB33D0 /* Release */,
			);
			defaultConfigurationIsVisible = 0;
			defaultConfigurationName = Release;
		};
		22B72502259213AB00EB33D0 /* Build configuration list for PBXNativeTarget "PreworkUITests" */ = {
			isa = XCConfigurationList;
			buildConfigurations = (
				22B72503259213AB00EB33D0 /* Debug */,
				22B72504259213AB00EB33D0 /* Release */,
			);
			defaultConfigurationIsVisible = 0;
			defaultConfigurationName = Release;
		};
/* End XCConfigurationList section */
	};
	rootObject = 22B724CA259213A500EB33D0 /* Project object */;
}
